
Microsoft Visual Studio Solution File, Format Version 12.00
# Visual Studio Version 17
VisualStudioVersion = 17.1.32228.430
MinimumVisualStudioVersion = 10.0.40219.1
Project("{FAE04EC0-301F-11D3-BF4B-00C04F79EFBC}") = "Login", "Login\Login.csproj", "{8D1D3D78-3360-408F-94E8-DB4303FEB6F5}"
EndProject
Global
	GlobalSection(SolutionConfigurationPlatforms) = preSolution
		Debug|Any CPU = Debug|Any CPU
		Release|Any CPU = Release|Any CPU
	EndGlobalSection
	GlobalSection(ProjectConfigurationPlatforms) = postSolution
		{8D1D3D78-3360-408F-94E8-DB4303FEB6F5}.Debug|Any CPU.ActiveCfg = Debug|Any CPU
		{8D1D3D78-3360-408F-94E8-DB4303FEB6F5}.Debug|Any CPU.Build.0 = Debug|Any CPU
		{8D1D3D78-3360-408F-94E8-DB4303FEB6F5}.Release|Any CPU.ActiveCfg = Release|Any CPU
		{8D1D3D78-3360-408F-94E8-DB4303FEB6F5}.Release|Any CPU.Build.0 = Release|Any CPU
	EndGlobalSection
	GlobalSection(SolutionProperties) = preSolution
		HideSolutionNode = FALSE
	EndGlobalSection
	GlobalSection(ExtensibilityGlobals) = postSolution
		SolutionGuid = {7F947BA8-C82C-4E98-A419-685F85869398}
	EndGlobalSection
EndGlobal
